# This file is autogenerated, do not edit; changes may be undone by the next 'dep ensure'.


[[projects]]
  digest = "1:6098222470fe0172157ce9bbef5d2200df4edde17ee649c5d6e48330e4afa4c6"
  name = "github.com/dgrijalva/jwt-go"
  packages = ["."]
  pruneopts = ""
  revision = "06ea1031745cb8b3dab3f6a236daf2b0aa468b7e"
  version = "v3.2.0"

[[projects]]
  digest = "1:e692d16fdfbddb94e9e4886aaf6c08bdbae5cb4ac80651445de9181b371c6e46"
  name = "github.com/go-sql-driver/mysql"
  packages = ["."]
  pruneopts = ""
  revision = "72cd26f257d44c1114970e19afddcd812016007e"
  version = "v1.4.1"

[[projects]]
  digest = "1:4beb546223497fdc767dd15f2f48e271598817cecda2beaf2ad7bf43282d5bf7"
  name = "github.com/labstack/echo"
  packages = [
    ".",
    "middleware",
  ]
  pruneopts = ""
  revision = "38772c686c76b501f94bd6cd5b77f5842e93b559"
  version = "v3.3.10"

[[projects]]
  digest = "1:44f403f58ba6ffcc60f0946169d02879dc79a4bf5a84d4215f5f7c6a5865f74b"
  name = "github.com/labstack/gommon"
  packages = [
    "bytes",
    "color",
    "log",
    "random",
  ]
  pruneopts = ""
  revision = "7fd9f68ece0bcb1a905fac8f1549f0083f71c51b"
  version = "v0.2.8"

[[projects]]
  digest = "1:85fdd2ce48a3fd1ddc4671b972f50a47dcf2eebb24813e90b28a8a1fcf65ee5a"
  name = "github.com/mattn/go-colorable"
  packages = ["."]
  pruneopts = ""
  revision = "3a70a971f94a22f2fa562ffcc7a0eb45f5daf045"
  version = "v0.1.1"

[[projects]]
  digest = "1:5be0052cfccc784a7aa8b3c4ea46e4f2fe1e51fc9d79cc8e1feea638231aea76"
  name = "github.com/mattn/go-isatty"
  packages = ["."]
  pruneopts = ""
  revision = "369ecd8cea9851e459abb67eb171853e3986591e"
  version = "v0.0.6"

[[projects]]
  digest = "1:857a9ecd5cb13379ecc8f798f6e6b6b574c98b9355657d91e068275f1120aaf7"
  name = "github.com/valyala/bytebufferpool"
  packages = ["."]
  pruneopts = ""
  revision = "e746df99fe4a3986f4d4f79e13c1e0117ce9c2f7"
  version = "v1.0.0"

[[projects]]
  digest = "1:36e30024844a32a43254a0d072a31eba96c2083ee3ee8c46bdf614f3a0f5a9ea"
  name = "github.com/valyala/fasttemplate"
  packages = ["."]
  pruneopts = ""
  revision = "189f40e8adae8acb7c6c3b065d7489f187a548e4"
  version = "v1.0.0"

[[projects]]
  branch = "master"
  digest = "1:7a77b79efe106f3304dcf50dc86836151758f246169b527722552a5eb2ae14fc"
  name = "golang.org/x/crypto"
  packages = [
    "acme",
    "acme/autocert",
  ]
  pruneopts = ""
  revision = "8dd112bcdc25174059e45e07517d9fc663123347"

[[projects]]
  branch = "master"
  digest = "1:acd61a173af5a8fc666328598f3aed921b0947ff2da2eeb548f7ba77e9a0cbd0"
  name = "golang.org/x/sys"
  packages = ["unix"]
  pruneopts = ""
  revision = "b294cbcfc56d2a65a30c02c78722b5df061e99b8"

[[projects]]
  digest = "1:bc09e719c4e2a15d17163f5272d9a3131c45d77542b7fdc53ff518815bc19ab3"
  name = "google.golang.org/appengine"
  packages = ["cloudsql"]
  pruneopts = ""
  revision = "e9657d882bb81064595ca3b56cbe2546bbabf7b1"
  version = "v1.4.0"

[[projects]]
  digest = "1:8c71dd5df927e17af3509a918b72d11d5d9405ba0fdec5c54e543545c1a62433"
  name = "upper.io/db.v3"
  packages = [
    ".",
    "internal/immutable",
  ]
  pruneopts = ""
  revision = "2f58dea678dbdcd3710158e8572025ef4d2c6df7"
  version = "v3.5.7"

[solve-meta]
  analyzer-name = "dep"
  analyzer-version = 1
  input-imports = [
    "github.com/go-sql-driver/mysql",
    "github.com/labstack/echo",
    "github.com/labstack/echo/middleware",
    "upper.io/db.v3",
  ]
  solver-name = "gps-cdcl"
  solver-version = 1
